github.com/aead/siphash v1.0.1 h1:FwHfE/T45KPKYuuSAKyyvE+oPWcaQ+CUmFW0bPlM+kg=
github.com/aead/siphash v1.0.1/go.mod h1:Nywa3cDsYNNK3gaciGTWPwHt0wlpNV15vwmswBAUSII=
github.com/davecgh/go-spew v1.1.1 h1:vj9j/u1bqnvCEfJOwUhtlOARqs3+rkHYY13jYWTU97c=
github.com/davecgh/go-spew v1.1.1/go.mod h1:J7Y8YcW2NihsgmVo/mv3lAwl/skON4iLHjSsI+c5H38=
github.com/goinggo/mapstructure v0.0.0-20140717182941-194205d9b4a9 h1:wqckanyE9qc/XnvnybC6SHOb8Nyd62QXAZOzA8twFig=
github.com/goinggo/mapstructure v0.0.0-20140717182941-194205d9b4a9/go.mod h1:64ikIrMv84B+raz7akXOqbF7cK3/OQQ/6cClY10oy7A=
github.com/jessevdk/go-flags v1.6.1 h1:Cvu5U8UGrLay1rZfv/zP7iLpSHGUZ/Ou68T0iX1bBK4=
github.com/jessevdk/go-flags v1.6.1/go.mod h1:Mk8T1hIAWpOiJiHa9rJASDK2UGWji0EuPGBnNLMooyc=
github.com/kkdai/bstream v1.0.0 h1:Se5gHwgp2VT2uHfDrkbbgbgEvV9cimLELwrPJctSjg8=
github.com/kkdai/bstream v1.0.0/go.mod h1:FDnDOHt5Yx4p3FaHcioFT0QjDOtgUpvjeZqAs+NVZZA=
github.com/zeusyf/btclog v0.0.0-20250116184953-8c8a19140fb8 h1:GqaJ2YPqScJondzwdyOuKmw1Rt0hRvB2q2q2jQWErd0=
github.com/zeusyf/btclog v0.0.0-20250116184953-8c8a19140fb8/go.mod h1:jEFKBMuBXPfBdqKW/hcbQQxGmHTUgbpY6uzh/TndCxM=
github.com/zeusyf/btcutil v0.0.0-20250116184958-9199c311bd5f h1:Vl9CQObqFIGq/radKY63LEsuBMbeIkSI62n5DgkqSPo=
github.com/zeusyf/btcutil v0.0.0-20250116184958-9199c311bd5f/go.mod h1:vR5ENRuwH9mUUchtzn4O2vrIMttC6OsxawOH4JwvTeQ=
github.com/zeusyf/go-socks/socks v0.0.0-20250116185002-7366ac3abc4b h1:vqlWLjhD1P6l+srqK4swiZ0/RVRHiLEO8T/Q/HBRt6Q=
github.com/zeusyf/go-socks/socks v0.0.0-20250116185002-7366ac3abc4b/go.mod h1:wzkH1rBPFKkSPr5wxRFeUllhCAGDFYFNm5/LR6jia6U=
github.com/zeusyf/goleveldb/leveldb v0.0.0-20250116185006-f5643458dbf2 h1:boHi6gWz3Pe96ILByYTR/uyiVa0QgzeGa0U2M98pQuw=
github.com/zeusyf/goleveldb/leveldb v0.0.0-20250116185006-f5643458dbf2/go.mod h1:d3BqFkm00AsPlvoLYGwTJj3t0d2wgKKoOJdxilVaiEE=
github.com/zeusyf/goleveldb/leveldb/comparer v0.0.0-20250116185006-f5643458dbf2 h1:crpiAJjz29D1XlUqjhaH75j/TZzNfIYnc2TW8oPlWfg=
github.com/zeusyf/goleveldb/leveldb/comparer v0.0.0-20250116185006-f5643458dbf2/go.mod h1:cixivId2wHub2AgLjO8R63e2TXyZyMnk4A0QZtkvKBI=
github.com/zeusyf/goleveldb/leveldb/errors v0.0.0-20250116185006-f5643458dbf2 h1:dRHWB2PVLhKJCBjwIGm2cwfQ+CllgA/xwyNwZ29RfWw=
github.com/zeusyf/goleveldb/leveldb/errors v0.0.0-20250116185006-f5643458dbf2/go.mod h1:JSWR4GY4vjiNaXZNZzSCCnIQYyxpuqKgDuzXAphuwzc=
github.com/zeusyf/goleveldb/leveldb/filter v0.0.0-20250116185006-f5643458dbf2 h1:s3G7vp8c0iXLReuAnkhaIQ/32oIZXoFjzaW8a9ADdP8=
github.com/zeusyf/goleveldb/leveldb/filter v0.0.0-20250116185006-f5643458dbf2/go.mod h1:kW3Tkm9UnbpD5aCmngiLdSYzC9CdlfrpAcoJjXoGyZk=
github.com/zeusyf/goleveldb/leveldb/iterator v0.0.0-20250116185006-f5643458dbf2 h1:8uAzHGwlGPqYwkmN4+foa2IBJHT/N+5BQK2SZ0W2i5o=
github.com/zeusyf/goleveldb/leveldb/iterator v0.0.0-20250116185006-f5643458dbf2/go.mod h1:xvXt7W8FxUELbW+oYXm9GM6EqMMnviiCEkI2fvnrbeI=
github.com/zeusyf/goleveldb/leveldb/opt v0.0.0-20250116185006-f5643458dbf2 h1:XGPlFDURkXR28P3WDKAu8MS0nCSdg4qyhnIEcSGYL7k=
github.com/zeusyf/goleveldb/leveldb/opt v0.0.0-20250116185006-f5643458dbf2/go.mod h1:mZQTfiVBeIXHNvVsEfrG89I00boPVeDHyN3z0NhZwwI=
github.com/zeusyf/goleveldb/leveldb/util v0.0.0-20250116185006-f5643458dbf2 h1:RIxCnXQsD/AOMMsrnnxWKuCwfuDGNZrnxfh08ekSq+U=
github.com/zeusyf/goleveldb/leveldb/util v0.0.0-20250116185006-f5643458dbf2/go.mod h1:CUNxYvZytsG3izEGUF8kvlUZ3awPHeAHd2ASJmPF/6s=
github.com/zeusyf/omega v0.0.0-20250116185010-5e096d407f09 h1:h6+aUPz4ZNhHQZ0/EifBBHKLy1YxO3DY+sw5r8xElrQ=
github.com/zeusyf/omega v0.0.0-20250116185010-5e096d407f09/go.mod h1:Pgt7dGoAdf76QeMdy2I8tCHHu0adFORdUEyBnnG8noM=
github.com/zeusyf/omega/ovm v0.0.0-20250116185010-5e096d407f09 h1:cjSG3/CzU8c8ChKkDWGBVWFjFTZ9L5wHYio0pYwt0nE=
github.com/zeusyf/omega/ovm v0.0.0-20250116185010-5e096d407f09/go.mod h1:GfQC15thd5sbKCS5odlqfdlk30D/1cqXrT/2a7pEMXA=
github.com/zeusyf/omega/token v0.0.0-20250116185010-5e096d407f09 h1:TpOsfnNxjF8CbDiQ6JdHK/pvLk0Uq+mNDwj2bdgeU/Y=
github.com/zeusyf/omega/token v0.0.0-20250116185010-5e096d407f09/go.mod h1:tP1rSe3OV0VRHSt9s6cr1n/4/Bc1kCn+8+SzCqxDgb4=
github.com/zeusyf/omega/viewpoint v0.0.0-20250116185010-5e096d407f09 h1:+D/mAzZJQzR1bMj4KoZmguv+c+L2kpT2Y18YeF40DZ8=
github.com/zeusyf/omega/viewpoint v0.0.0-20250116185010-5e096d407f09/go.mod h1:u3lONaJql+PNpOfig4Cn1EEwBTJmv/x7KayvkGvALvg=
github.com/zeusyf/snappy-go v0.0.0-20250116185016-0a1472be23f6 h1:zdsn54kcUvujZLUgV5Vt1mLWf8ZvPfc8uOH/3Hh0PUk=
github.com/zeusyf/snappy-go v0.0.0-20250116185016-0a1472be23f6/go.mod h1:priQPQpsfCNyizOjJ/wDz5Ff8ewe72KjgMOdXgKiyS0=
github.com/zeusyf/websocket v0.0.0-20250116185018-c83814635629 h1:4JsCAcxQcyX8gpAx3WOsxkkcsclZK3JwKTLLt98vx4Q=
github.com/zeusyf/websocket v0.0.0-20250116185018-c83814635629/go.mod h1:rrhux1zIHPRjuIHmRRUSMCVKZ9p+QvdD4Nfo2RI9T+g=
golang.org/x/crypto v0.32.0 h1:euUpcYgM8WcP71gNpTqQCn6rC2t6ULUPiOzfWaXVVfc=
golang.org/x/crypto v0.32.0/go.mod h1:ZnnJkOaASj8g0AjIduWNlq2NRxL0PlBrbKVyZ6V/Ugc=
golang.org/x/sys v0.21.0 h1:rF+pYz3DAGSQAxAu1CbC7catZg4ebC4UIeIhKxBZvws=
golang.org/x/sys v0.21.0/go.mod h1:/VUhepiaJMQUp4+oa/7Zr1D23ma6VTLIYjOOTFZPUcA=
golang.org/x/sys v0.29.0 h1:TPYlXGxvx1MGTn2GiZDhnjPA9wZzZeGKHHmKhHYvgaU=
golang.org/x/sys v0.29.0/go.mod h1:/VUhepiaJMQUp4+oa/7Zr1D23ma6VTLIYjOOTFZPUcA=
